# @generated by Move, please check-in and do not edit manually.

[move]
version = 3
manifest_digest = "C19A8706A227BFEDC44F8C263E2789D964DF12B478219FC63CFACAF3C6025059"
deps_digest = "F8BBB0CCB2491CA29A3DF03D6F92277A4F3574266507ACD77214D37ECA3F3082"
dependencies = [
  { id = "Sui", name = "Sui" },
]

[[move.package]]
id = "MoveStdlib"
source = { git = "https://github.com/MystenLabs/sui.git", rev = "mainnet-v1.35.1", subdir = "crates/sui-framework/packages/move-stdlib" }

[[move.package]]
id = "Sui"
source = { git = "https://github.com/MystenLabs/sui.git", rev = "mainnet-v1.35.1", subdir = "crates/sui-framework/packages/sui-framework" }

dependencies = [
  { id = "MoveStdlib", name = "MoveStdlib" },
]

[move.toolchain-version]
compiler-version = "1.37.1"
edition = "2024.beta"
flavor = "sui"

[env]

[env.testnet]
chain-id = "4c78adac"
original-published-id = "0x80b4cf88c88071642a12cc59b6c214ce3cbe20b040cc6c4e24880b7974fea3e6"
latest-published-id = "0x80b4cf88c88071642a12cc59b6c214ce3cbe20b040cc6c4e24880b7974fea3e6"
published-version = "1"

[env.mainnet]
chain-id = "35834a8a"
original-published-id = "0x31a79638355ae73730a05b53dcfffa972b2fd038efa018807c6b65a6b14e1ed6"
latest-published-id = "0x31a79638355ae73730a05b53dcfffa972b2fd038efa018807c6b65a6b14e1ed6"
published-version = "1"
