# @generated by Move, please check-in and do not edit manually.

[move]
version = 3
manifest_digest = "3F9B4903B862B7FFED0414C12F5699B84C2AA7215BC5671BDF4D75ADB554B584"
deps_digest = "F9B494B64F0615AED0E98FC12A85B85ECD2BC5185C22D30E7F67786BB52E507C"
dependencies = [
  { id = "CetusClmm", name = "CetusClmm" },
  { id = "LegatoMath", name = "LegatoMath" },
  { id = "NftProtocol", name = "NftProtocol" },
  { id = "Sui", name = "Sui" },
]

[[move.package]]
id = "Allowlist"
source = { git = "https://github.com/Origin-Byte/nft-protocol.git", rev = "main", subdir = "contracts/allowlist" }

dependencies = [
  { id = "Permissions", name = "Permissions" },
  { id = "Sui", name = "Sui" },
]

[[move.package]]
id = "Authlist"
source = { git = "https://github.com/Origin-Byte/nft-protocol.git", rev = "main", subdir = "contracts/authlist" }

dependencies = [
  { id = "Permissions", name = "Permissions" },
  { id = "Sui", name = "Sui" },
]

[[move.package]]
id = "CetusClmm"
source = { git = "https://github.com/CetusProtocol/cetus-clmm-interface.git", rev = "mainnet-v1.25.0", subdir = "sui/cetus_clmm" }

dependencies = [
  { id = "IntegerMate", name = "IntegerMate" },
  { id = "MoveSTL", name = "MoveSTL" },
  { id = "Sui", name = "Sui" },
]

[[move.package]]
id = "IntegerMate"
source = { git = "https://github.com/CetusProtocol/integer-mate.git", rev = "mainnet-v1.23.1", subdir = "sui" }

dependencies = [
  { id = "Sui", name = "Sui" },
]

[[move.package]]
id = "Kiosk"
source = { git = "https://github.com/Origin-Byte/nft-protocol.git", rev = "main", subdir = "contracts/kiosk" }

dependencies = [
  { id = "Permissions", name = "Permissions" },
  { id = "Request", name = "Request" },
  { id = "Sui", name = "Sui" },
]

[[move.package]]
id = "LegatoMath"
source = { local = "../legato_math" }

dependencies = [
  { id = "Sui", name = "Sui" },
]

[[move.package]]
id = "MoveSTL"
source = { git = "https://github.com/CetusProtocol/move-stl.git", rev = "mainnet-v1.23.1", subdir = "sui" }

dependencies = [
  { id = "Sui", name = "Sui" },
]

[[move.package]]
id = "MoveStdlib"
source = { git = "https://github.com/MystenLabs/sui.git", rev = "mainnet-v1.19.1", subdir = "crates/sui-framework/packages/move-stdlib" }

[[move.package]]
id = "NftProtocol"
source = { git = "https://github.com/Origin-Byte/nft-protocol.git", rev = "main", subdir = "contracts/nft_protocol" }

dependencies = [
  { id = "Allowlist", name = "Allowlist" },
  { id = "Authlist", name = "Authlist" },
  { id = "Kiosk", name = "Kiosk" },
  { id = "Originmate", name = "Originmate" },
  { id = "Permissions", name = "Permissions" },
  { id = "Pseudorandom", name = "Pseudorandom" },
  { id = "Request", name = "Request" },
  { id = "Sui", name = "Sui" },
  { id = "Utils", name = "Utils" },
]

[[move.package]]
id = "Originmate"
source = { git = "https://github.com/Origin-Byte/nft-protocol.git", rev = "main", subdir = "contracts/originmate" }

dependencies = [
  { id = "Sui", name = "Sui" },
]

[[move.package]]
id = "Permissions"
source = { git = "https://github.com/Origin-Byte/nft-protocol.git", rev = "main", subdir = "contracts/permissions" }

dependencies = [
  { id = "Sui", name = "Sui" },
  { id = "Utils", name = "Utils" },
]

[[move.package]]
id = "Pseudorandom"
source = { git = "https://github.com/Origin-Byte/nft-protocol.git", rev = "main", subdir = "contracts/pseudorandom" }

dependencies = [
  { id = "Sui", name = "Sui" },
]

[[move.package]]
id = "Request"
source = { git = "https://github.com/Origin-Byte/nft-protocol.git", rev = "main", subdir = "contracts/request" }

dependencies = [
  { id = "Permissions", name = "Permissions" },
  { id = "Sui", name = "Sui" },
]

[[move.package]]
id = "Sui"
source = { git = "https://github.com/MystenLabs/sui.git", rev = "mainnet-v1.19.1", subdir = "crates/sui-framework/packages/sui-framework" }

dependencies = [
  { id = "MoveStdlib", name = "MoveStdlib" },
]

[[move.package]]
id = "Utils"
source = { git = "https://github.com/Origin-Byte/nft-protocol.git", rev = "main", subdir = "contracts/utils" }

dependencies = [
  { id = "Pseudorandom", name = "Pseudorandom" },
  { id = "Sui", name = "Sui" },
]

[move.toolchain-version]
compiler-version = "1.37.1"
edition = "2024.beta"
flavor = "sui"
